
Microsoft Visual Studio Solution File, Format Version 12.00
# Visual Studio Version 17
VisualStudioVersion = 17.5.002.0
MinimumVisualStudioVersion = 10.0.40219.1
Project("{2150E333-8FDC-42A3-9474-1A3956D46DE8}") = "AppsConsole", "AppsConsole", "{E8CC3E74-18A5-4E9E-94C7-4A055D71FE49}"
EndProject
Project("{2150E333-8FDC-42A3-9474-1A3956D46DE8}") = "Text", "Text", "{5C9119F3-8E13-4548-95BF-8A9742B2F027}"
EndProject
Project("{2150E333-8FDC-42A3-9474-1A3956D46DE8}") = "JSON", "JSON", "{15254D18-7C02-411E-B9D6-EA27B478C246}"
EndProject
Project("{FAE04EC0-301F-11D3-BF4B-00C04F79EFBC}") = "AppConsole.Text.JSON.NetJson", "Text\JSON\AppConsole.Text.JSON.NetJson\AppConsole.Text.JSON.NetJson.csproj", "{6EEC9BAC-2EF1-4853-8B1D-9ED4E29BCF82}"
EndProject
Project("{FAE04EC0-301F-11D3-BF4B-00C04F79EFBC}") = "AppConsole.Text.JSON.Utf8Json", "Text\JSON\AppConsole.Text.JSON.Utf8Json\AppConsole.Text.JSON.Utf8Json.csproj", "{786A8554-06D4-4202-A1AA-D2437748E8A1}"
EndProject
Project("{FAE04EC0-301F-11D3-BF4B-00C04F79EFBC}") = "AppConsole.Text.JSON.Newtonsoft.Json", "Text\JSON\AppConsole.Text.JSON.Newtonsoft.Json\AppConsole.Text.JSON.Newtonsoft.Json.csproj", "{34B0E814-04EE-4BF5-9408-FBBCF368817C}"
EndProject
Project("{FAE04EC0-301F-11D3-BF4B-00C04F79EFBC}") = "AppConsole.Text.JSON.SpanJson", "Text\JSON\AppConsole.Text.JSON.SpanJson\AppConsole.Text.JSON.SpanJson.csproj", "{DD660C90-D958-471A-8E72-6BCD01BAE380}"
EndProject
Project("{FAE04EC0-301F-11D3-BF4B-00C04F79EFBC}") = "AppConsole.Text.JSON.MessagePack", "Text\JSON\AppConsole.Text.JSON.MessagePack\AppConsole.Text.JSON.MessagePack.csproj", "{FE5EBC46-4BBA-4A93-8D5E-6A3E33803AA8}"
EndProject
Project("{FAE04EC0-301F-11D3-BF4B-00C04F79EFBC}") = "AppConsole.Text.JSON.Jil", "Text\JSON\AppConsole.Text.JSON.Jil\AppConsole.Text.JSON.Jil.csproj", "{66A0CD5B-EBD1-4F9B-9AFD-5D49D7FA7F50}"
EndProject
Project("{FAE04EC0-301F-11D3-BF4B-00C04F79EFBC}") = "AppConsole.Text.JSON.System.Text.Json.CodeGeneration", "Text\JSON\AppConsole.Text.JSON.System.Text.Json.CodeGeneration\AppConsole.Text.JSON.System.Text.Json.CodeGeneration.csproj", "{EED575B9-B1D3-40DD-96BC-D63C6A6D44C4}"
EndProject
Project("{2150E333-8FDC-42A3-9474-1A3956D46DE8}") = "Libraries", "Libraries", "{8D497BAC-BFCC-4D6F-8015-489595881345}"
EndProject
Project("{FAE04EC0-301F-11D3-BF4B-00C04F79EFBC}") = "HolisticWare.MessagePack", "HolisticWare.MessagePack\HolisticWare.MessagePack.csproj", "{8C7DC5CE-9627-480B-B554-5E86D53D3850}"
EndProject
Project("{FAE04EC0-301F-11D3-BF4B-00C04F79EFBC}") = "HolisticWare.Ph4ct3x", "HolisticWare.Ph4ct3x\HolisticWare.Ph4ct3x.csproj", "{4FA22346-78D2-47A7-96FE-CD19CCB9E4DD}"
EndProject
Project("{FAE04EC0-301F-11D3-BF4B-00C04F79EFBC}") = "HolisticWare.System.Text.Json.CodeGeneration", "HolisticWare.System.Text.Json.CodeGeneration\HolisticWare.System.Text.Json.CodeGeneration.csproj", "{9AACA362-A998-4CC7-87CC-BD882DEE506F}"
EndProject
Project("{FAE04EC0-301F-11D3-BF4B-00C04F79EFBC}") = "OSV.Data", "OSV.Data\OSV.Data.csproj", "{836BFD7E-CA93-458C-A811-56B02AF513BF}"
EndProject
Project("{FAE04EC0-301F-11D3-BF4B-00C04F79EFBC}") = "HolisticWare.SpanJson", "HolisticWare.SpanJson\HolisticWare.SpanJson.csproj", "{74A783FC-4BA4-43C6-A645-CF2ED6F30849}"
EndProject
Project("{FAE04EC0-301F-11D3-BF4B-00C04F79EFBC}") = "Samples.BusinesDomainLogic.POCOs", "Samples.BusinesDomainLogic.POCOs\Samples.BusinesDomainLogic.POCOs.csproj", "{50C7E610-59FC-49E9-A52C-6CD000878A11}"
EndProject
Project("{FAE04EC0-301F-11D3-BF4B-00C04F79EFBC}") = "OSV", "OSV\OSV.csproj", "{10EFD1AD-E86A-4674-9EA1-F080290B6476}"
EndProject
Project("{2150E333-8FDC-42A3-9474-1A3956D46DE8}") = "Binary", "Binary", "{AF4894CC-CEF2-4758-83D8-A836514BDDA9}"
EndProject
Project("{FAE04EC0-301F-11D3-BF4B-00C04F79EFBC}") = "AppConsole.Binary.FlatBuffers", "Binary\AppConsole.Binary.FlatBuffers\AppConsole.Binary.FlatBuffers.csproj", "{D91D4303-466B-41B8-95E2-8E2E2ECED06B}"
EndProject
Project("{FAE04EC0-301F-11D3-BF4B-00C04F79EFBC}") = "AppConsole.Binary.FlatSharp", "Binary\AppConsole.Binary.FlatSharp\AppConsole.Binary.FlatSharp.csproj", "{43508613-1913-4FB0-B6DC-D53295DCB3F8}"
EndProject
Project("{2150E333-8FDC-42A3-9474-1A3956D46DE8}") = "XML", "XML", "{3DDF2DDD-6AFB-47C3-A1F2-D59575627A13}"
EndProject
Project("{FAE04EC0-301F-11D3-BF4B-00C04F79EFBC}") = "AppConsole.Text.XML.StackXML", "Text\XML\AppConsole.Text.XML.StackXML\AppConsole.Text.XML.StackXML.csproj", "{B8886770-7730-4046-8010-C49BCC4B9C48}"
EndProject
Project("{FAE04EC0-301F-11D3-BF4B-00C04F79EFBC}") = "AppConsole.Text.JSON.FastJSON", "Text\JSON\AppConsole.Text.JSON.FastJSON\AppConsole.Text.JSON.FastJSON.csproj", "{9EAD79F6-C8D4-42F5-8308-ECC8A7CDBEA8}"
EndProject
Project("{FAE04EC0-301F-11D3-BF4B-00C04F79EFBC}") = "AppConsole.Text.XML.System.Xml.Serialization.XmlSerializer", "Text\XML\AppConsole.Text.XML.System.Xml.Serialization.XmlSerializer\AppConsole.Text.XML.System.Xml.Serialization.XmlSerializer.csproj", "{6A8DA858-EDE7-44F6-8536-92024B385770}"
EndProject
Project("{FAE04EC0-301F-11D3-BF4B-00C04F79EFBC}") = "AppConsole.Text.XML.YAXLib", "Text\XML\AppConsole.Text.XML.YAXLib\AppConsole.Text.XML.YAXLib.csproj", "{5F9CC93B-5014-4D8F-968A-C7C9B52FEE4C}"
EndProject
Project("{FAE04EC0-301F-11D3-BF4B-00C04F79EFBC}") = "AppConsole.Text.XML.ExtendedXmlSerializer", "Text\XML\AppConsole.Text.XML.ExtendedXmlSerializer\AppConsole.Text.XML.ExtendedXmlSerializer.csproj", "{745D1900-0156-4BEA-8657-FC8FC1A15045}"
EndProject
Project("{FAE04EC0-301F-11D3-BF4B-00C04F79EFBC}") = "AppConsole.Text.XML.NetBike.Xml", "Text\XML\AppConsole.Text.XML.NetBike.Xml\AppConsole.Text.XML.NetBike.Xml.csproj", "{44277220-F32C-4F9E-98AE-88CC054FF413}"
EndProject
Project("{FAE04EC0-301F-11D3-BF4B-00C04F79EFBC}") = "AppConsole.Text.XML.System.Runtime.Serialization.DataContractSerializer", "Text\XML\AppConsole.Text.XML.System.Runtime.Serialization.DataContractSerializer\AppConsole.Text.XML.System.Runtime.Serialization.DataContractSerializer.csproj", "{5D452009-CE6E-4628-AD3A-821867F2BE57}"
EndProject
Project("{FAE04EC0-301F-11D3-BF4B-00C04F79EFBC}") = "Maven.POM.ProjectObjectModel", "Maven.POM.ProjectObjectModel\Maven.POM.ProjectObjectModel.csproj", "{3F4ABFBA-A889-4024-AC63-759EA085CAE9}"
EndProject
Project("{2150E333-8FDC-42A3-9474-1A3956D46DE8}") = "library-source", "library-source", "{E4669BD2-F96E-4848-91F5-7B2B140823AF}"
EndProject
Project("{2150E333-8FDC-42A3-9474-1A3956D46DE8}") = "Text", "Text", "{D8E8A85B-905A-4059-B6AC-4DB06CD5A39B}"
EndProject
Project("{2150E333-8FDC-42A3-9474-1A3956D46DE8}") = "XML", "XML", "{818984E0-0BB8-49A7-97FD-5C6A2CAC2C56}"
EndProject
Project("{FAE04EC0-301F-11D3-BF4B-00C04F79EFBC}") = "HolisticWare.Core.Serialization.Text.XML.NetBike.Xml", "..\source\Core.Serialization\Text\XML\HolisticWare.Core.Serialization.Text.XML.NetBike.Xml\HolisticWare.Core.Serialization.Text.XML.NetBike.Xml.csproj", "{306E0FC0-CEB7-4C89-9C3B-600C236AAC8C}"
EndProject
Project("{FAE04EC0-301F-11D3-BF4B-00C04F79EFBC}") = "HolisticWare.Core.Serialization.Text.XML.HolisticWare.NetBike.Xml", "..\source\Core.Serialization\Text\XML\HolisticWare.Core.Serialization.Text.XML.HolisticWare.NetBike.Xml\HolisticWare.Core.Serialization.Text.XML.HolisticWare.NetBike.Xml.csproj", "{F29CEAC7-6CC2-4F20-AFC6-A0CE663C6782}"
EndProject
Project("{FAE04EC0-301F-11D3-BF4B-00C04F79EFBC}") = "HolisticWare.Core.Serialization.Text.XML", "..\source\Core.Serialization\Text\XML\HolisticWare.Core.Serialization.Text.XML\HolisticWare.Core.Serialization.Text.XML.csproj", "{FB6C655D-9854-46E5-A55C-4F93FD163687}"
EndProject
Project("{FAE04EC0-301F-11D3-BF4B-00C04F79EFBC}") = "HolisticWare.Core.Serialization.Text.XML.System.Xml.Serialization", "..\source\Core.Serialization\Text\XML\HolisticWare.Core.Serialization.Text.XML.System.Xml.Serialization\HolisticWare.Core.Serialization.Text.XML.System.Xml.Serialization.csproj", "{D4A23F73-2BD4-47E7-9CF7-4F4335B61FA5}"
EndProject
Project("{FAE04EC0-301F-11D3-BF4B-00C04F79EFBC}") = "HolisticWare.Core.Serialization", "..\source\Core.Serialization\HolisticWare.Core.Serialization\HolisticWare.Core.Serialization.csproj", "{89FC9EC7-7890-4B09-B526-53FC2B0798BB}"
EndProject
Project("{FAE04EC0-301F-11D3-BF4B-00C04F79EFBC}") = "AppConsole.Text.XML.Benchmarks", "Text\XML\AppConsole.Text.XML.Benchmarks\AppConsole.Text.XML.Benchmarks.csproj", "{4720B1EA-B903-485A-B8A8-501538703901}"
EndProject
Project("{FAE04EC0-301F-11D3-BF4B-00C04F79EFBC}") = "HolisticWare.Core.Serialization.Text.XML.YAXLib", "..\source\Core.Serialization\Text\XML\HolisticWare.Core.Serialization.Text.XML.YAXLib\HolisticWare.Core.Serialization.Text.XML.YAXLib.csproj", "{DA7B23A3-59AA-4912-B262-C71E8A8F9BE0}"
EndProject
Project("{FAE04EC0-301F-11D3-BF4B-00C04F79EFBC}") = "HolisticWare.Core.Serialization.Text.XML.StackXML", "..\source\Core.Serialization\Text\XML\HolisticWare.Core.Serialization.Text.XML.StackXML\HolisticWare.Core.Serialization.Text.XML.StackXML.csproj", "{2E2E5F05-E6DF-4B9B-AE27-A4CED6DD0730}"
EndProject
Project("{FAE04EC0-301F-11D3-BF4B-00C04F79EFBC}") = "HolisticWare.Core.Serialization.Text.XML.HolisticWare.YAXLib", "..\source\Core.Serialization\Text\XML\HolisticWare.Core.Serialization.Text.XML.HolisticWare.YAXLib\HolisticWare.Core.Serialization.Text.XML.HolisticWare.YAXLib.csproj", "{753DC523-3031-4795-B6A0-E856DBA2190B}"
EndProject
Project("{FAE04EC0-301F-11D3-BF4B-00C04F79EFBC}") = "HolisticWare.Core.Serialization.Text.XML.System.Runtime.Serialization", "..\source\Core.Serialization\Text\XML\HolisticWare.Core.Serialization.Text.XML.System.Runtime.Serialization\HolisticWare.Core.Serialization.Text.XML.System.Runtime.Serialization.csproj", "{810D2BFD-3887-4B9A-9E55-0FD7DE721C5B}"
EndProject
Global
	GlobalSection(NestedProjects) = preSolution
		{5C9119F3-8E13-4548-95BF-8A9742B2F027} = {E8CC3E74-18A5-4E9E-94C7-4A055D71FE49}
		{15254D18-7C02-411E-B9D6-EA27B478C246} = {5C9119F3-8E13-4548-95BF-8A9742B2F027}
		{6EEC9BAC-2EF1-4853-8B1D-9ED4E29BCF82} = {15254D18-7C02-411E-B9D6-EA27B478C246}
		{786A8554-06D4-4202-A1AA-D2437748E8A1} = {15254D18-7C02-411E-B9D6-EA27B478C246}
		{34B0E814-04EE-4BF5-9408-FBBCF368817C} = {15254D18-7C02-411E-B9D6-EA27B478C246}
		{DD660C90-D958-471A-8E72-6BCD01BAE380} = {15254D18-7C02-411E-B9D6-EA27B478C246}
		{FE5EBC46-4BBA-4A93-8D5E-6A3E33803AA8} = {15254D18-7C02-411E-B9D6-EA27B478C246}
		{66A0CD5B-EBD1-4F9B-9AFD-5D49D7FA7F50} = {15254D18-7C02-411E-B9D6-EA27B478C246}
		{EED575B9-B1D3-40DD-96BC-D63C6A6D44C4} = {15254D18-7C02-411E-B9D6-EA27B478C246}
		{8C7DC5CE-9627-480B-B554-5E86D53D3850} = {8D497BAC-BFCC-4D6F-8015-489595881345}
		{4FA22346-78D2-47A7-96FE-CD19CCB9E4DD} = {8D497BAC-BFCC-4D6F-8015-489595881345}
		{9AACA362-A998-4CC7-87CC-BD882DEE506F} = {8D497BAC-BFCC-4D6F-8015-489595881345}
		{836BFD7E-CA93-458C-A811-56B02AF513BF} = {8D497BAC-BFCC-4D6F-8015-489595881345}
		{74A783FC-4BA4-43C6-A645-CF2ED6F30849} = {8D497BAC-BFCC-4D6F-8015-489595881345}
		{50C7E610-59FC-49E9-A52C-6CD000878A11} = {8D497BAC-BFCC-4D6F-8015-489595881345}
		{10EFD1AD-E86A-4674-9EA1-F080290B6476} = {8D497BAC-BFCC-4D6F-8015-489595881345}
		{AF4894CC-CEF2-4758-83D8-A836514BDDA9} = {E8CC3E74-18A5-4E9E-94C7-4A055D71FE49}
		{D91D4303-466B-41B8-95E2-8E2E2ECED06B} = {AF4894CC-CEF2-4758-83D8-A836514BDDA9}
		{43508613-1913-4FB0-B6DC-D53295DCB3F8} = {AF4894CC-CEF2-4758-83D8-A836514BDDA9}
		{3DDF2DDD-6AFB-47C3-A1F2-D59575627A13} = {5C9119F3-8E13-4548-95BF-8A9742B2F027}
		{B8886770-7730-4046-8010-C49BCC4B9C48} = {3DDF2DDD-6AFB-47C3-A1F2-D59575627A13}
		{9EAD79F6-C8D4-42F5-8308-ECC8A7CDBEA8} = {15254D18-7C02-411E-B9D6-EA27B478C246}
		{6A8DA858-EDE7-44F6-8536-92024B385770} = {3DDF2DDD-6AFB-47C3-A1F2-D59575627A13}
		{5F9CC93B-5014-4D8F-968A-C7C9B52FEE4C} = {3DDF2DDD-6AFB-47C3-A1F2-D59575627A13}
		{745D1900-0156-4BEA-8657-FC8FC1A15045} = {3DDF2DDD-6AFB-47C3-A1F2-D59575627A13}
		{44277220-F32C-4F9E-98AE-88CC054FF413} = {3DDF2DDD-6AFB-47C3-A1F2-D59575627A13}
		{5D452009-CE6E-4628-AD3A-821867F2BE57} = {3DDF2DDD-6AFB-47C3-A1F2-D59575627A13}
		{3F4ABFBA-A889-4024-AC63-759EA085CAE9} = {8D497BAC-BFCC-4D6F-8015-489595881345}
		{D8E8A85B-905A-4059-B6AC-4DB06CD5A39B} = {E4669BD2-F96E-4848-91F5-7B2B140823AF}
		{818984E0-0BB8-49A7-97FD-5C6A2CAC2C56} = {D8E8A85B-905A-4059-B6AC-4DB06CD5A39B}
		{306E0FC0-CEB7-4C89-9C3B-600C236AAC8C} = {818984E0-0BB8-49A7-97FD-5C6A2CAC2C56}
		{F29CEAC7-6CC2-4F20-AFC6-A0CE663C6782} = {818984E0-0BB8-49A7-97FD-5C6A2CAC2C56}
		{FB6C655D-9854-46E5-A55C-4F93FD163687} = {818984E0-0BB8-49A7-97FD-5C6A2CAC2C56}
		{D4A23F73-2BD4-47E7-9CF7-4F4335B61FA5} = {818984E0-0BB8-49A7-97FD-5C6A2CAC2C56}
		{89FC9EC7-7890-4B09-B526-53FC2B0798BB} = {E4669BD2-F96E-4848-91F5-7B2B140823AF}
		{4720B1EA-B903-485A-B8A8-501538703901} = {3DDF2DDD-6AFB-47C3-A1F2-D59575627A13}
		{DA7B23A3-59AA-4912-B262-C71E8A8F9BE0} = {818984E0-0BB8-49A7-97FD-5C6A2CAC2C56}
		{2E2E5F05-E6DF-4B9B-AE27-A4CED6DD0730} = {818984E0-0BB8-49A7-97FD-5C6A2CAC2C56}
		{753DC523-3031-4795-B6A0-E856DBA2190B} = {818984E0-0BB8-49A7-97FD-5C6A2CAC2C56}
		{810D2BFD-3887-4B9A-9E55-0FD7DE721C5B} = {818984E0-0BB8-49A7-97FD-5C6A2CAC2C56}
	EndGlobalSection
	GlobalSection(ProjectConfigurationPlatforms) = postSolution
		{66A0CD5B-EBD1-4F9B-9AFD-5D49D7FA7F50}.Debug|Any CPU.ActiveCfg = Debug|Any CPU
		{66A0CD5B-EBD1-4F9B-9AFD-5D49D7FA7F50}.Debug|Any CPU.Build.0 = Debug|Any CPU
		{66A0CD5B-EBD1-4F9B-9AFD-5D49D7FA7F50}.Release|Any CPU.ActiveCfg = Release|Any CPU
		{66A0CD5B-EBD1-4F9B-9AFD-5D49D7FA7F50}.Release|Any CPU.Build.0 = Release|Any CPU
		{FE5EBC46-4BBA-4A93-8D5E-6A3E33803AA8}.Debug|Any CPU.ActiveCfg = Debug|Any CPU
		{FE5EBC46-4BBA-4A93-8D5E-6A3E33803AA8}.Debug|Any CPU.Build.0 = Debug|Any CPU
		{FE5EBC46-4BBA-4A93-8D5E-6A3E33803AA8}.Release|Any CPU.ActiveCfg = Release|Any CPU
		{FE5EBC46-4BBA-4A93-8D5E-6A3E33803AA8}.Release|Any CPU.Build.0 = Release|Any CPU
		{6EEC9BAC-2EF1-4853-8B1D-9ED4E29BCF82}.Debug|Any CPU.ActiveCfg = Debug|Any CPU
		{6EEC9BAC-2EF1-4853-8B1D-9ED4E29BCF82}.Debug|Any CPU.Build.0 = Debug|Any CPU
		{6EEC9BAC-2EF1-4853-8B1D-9ED4E29BCF82}.Release|Any CPU.ActiveCfg = Release|Any CPU
		{6EEC9BAC-2EF1-4853-8B1D-9ED4E29BCF82}.Release|Any CPU.Build.0 = Release|Any CPU
		{34B0E814-04EE-4BF5-9408-FBBCF368817C}.Debug|Any CPU.ActiveCfg = Debug|Any CPU
		{34B0E814-04EE-4BF5-9408-FBBCF368817C}.Debug|Any CPU.Build.0 = Debug|Any CPU
		{34B0E814-04EE-4BF5-9408-FBBCF368817C}.Release|Any CPU.ActiveCfg = Release|Any CPU
		{34B0E814-04EE-4BF5-9408-FBBCF368817C}.Release|Any CPU.Build.0 = Release|Any CPU
		{DD660C90-D958-471A-8E72-6BCD01BAE380}.Debug|Any CPU.ActiveCfg = Debug|Any CPU
		{DD660C90-D958-471A-8E72-6BCD01BAE380}.Debug|Any CPU.Build.0 = Debug|Any CPU
		{DD660C90-D958-471A-8E72-6BCD01BAE380}.Release|Any CPU.ActiveCfg = Release|Any CPU
		{DD660C90-D958-471A-8E72-6BCD01BAE380}.Release|Any CPU.Build.0 = Release|Any CPU
		{EED575B9-B1D3-40DD-96BC-D63C6A6D44C4}.Debug|Any CPU.ActiveCfg = Debug|Any CPU
		{EED575B9-B1D3-40DD-96BC-D63C6A6D44C4}.Debug|Any CPU.Build.0 = Debug|Any CPU
		{EED575B9-B1D3-40DD-96BC-D63C6A6D44C4}.Release|Any CPU.ActiveCfg = Release|Any CPU
		{EED575B9-B1D3-40DD-96BC-D63C6A6D44C4}.Release|Any CPU.Build.0 = Release|Any CPU
		{786A8554-06D4-4202-A1AA-D2437748E8A1}.Debug|Any CPU.ActiveCfg = Debug|Any CPU
		{786A8554-06D4-4202-A1AA-D2437748E8A1}.Debug|Any CPU.Build.0 = Debug|Any CPU
		{786A8554-06D4-4202-A1AA-D2437748E8A1}.Release|Any CPU.ActiveCfg = Release|Any CPU
		{786A8554-06D4-4202-A1AA-D2437748E8A1}.Release|Any CPU.Build.0 = Release|Any CPU
		{8C7DC5CE-9627-480B-B554-5E86D53D3850}.Debug|Any CPU.ActiveCfg = Debug|Any CPU
		{8C7DC5CE-9627-480B-B554-5E86D53D3850}.Debug|Any CPU.Build.0 = Debug|Any CPU
		{8C7DC5CE-9627-480B-B554-5E86D53D3850}.Release|Any CPU.ActiveCfg = Release|Any CPU
		{8C7DC5CE-9627-480B-B554-5E86D53D3850}.Release|Any CPU.Build.0 = Release|Any CPU
		{4FA22346-78D2-47A7-96FE-CD19CCB9E4DD}.Debug|Any CPU.ActiveCfg = Debug|Any CPU
		{4FA22346-78D2-47A7-96FE-CD19CCB9E4DD}.Debug|Any CPU.Build.0 = Debug|Any CPU
		{4FA22346-78D2-47A7-96FE-CD19CCB9E4DD}.Release|Any CPU.ActiveCfg = Release|Any CPU
		{4FA22346-78D2-47A7-96FE-CD19CCB9E4DD}.Release|Any CPU.Build.0 = Release|Any CPU
		{74A783FC-4BA4-43C6-A645-CF2ED6F30849}.Debug|Any CPU.ActiveCfg = Debug|Any CPU
		{74A783FC-4BA4-43C6-A645-CF2ED6F30849}.Debug|Any CPU.Build.0 = Debug|Any CPU
		{74A783FC-4BA4-43C6-A645-CF2ED6F30849}.Release|Any CPU.ActiveCfg = Release|Any CPU
		{74A783FC-4BA4-43C6-A645-CF2ED6F30849}.Release|Any CPU.Build.0 = Release|Any CPU
		{9AACA362-A998-4CC7-87CC-BD882DEE506F}.Debug|Any CPU.ActiveCfg = Debug|Any CPU
		{9AACA362-A998-4CC7-87CC-BD882DEE506F}.Debug|Any CPU.Build.0 = Debug|Any CPU
		{9AACA362-A998-4CC7-87CC-BD882DEE506F}.Release|Any CPU.ActiveCfg = Release|Any CPU
		{9AACA362-A998-4CC7-87CC-BD882DEE506F}.Release|Any CPU.Build.0 = Release|Any CPU
		{836BFD7E-CA93-458C-A811-56B02AF513BF}.Debug|Any CPU.ActiveCfg = Debug|Any CPU
		{836BFD7E-CA93-458C-A811-56B02AF513BF}.Debug|Any CPU.Build.0 = Debug|Any CPU
		{836BFD7E-CA93-458C-A811-56B02AF513BF}.Release|Any CPU.ActiveCfg = Release|Any CPU
		{836BFD7E-CA93-458C-A811-56B02AF513BF}.Release|Any CPU.Build.0 = Release|Any CPU
		{50C7E610-59FC-49E9-A52C-6CD000878A11}.Debug|Any CPU.ActiveCfg = Debug|Any CPU
		{50C7E610-59FC-49E9-A52C-6CD000878A11}.Debug|Any CPU.Build.0 = Debug|Any CPU
		{50C7E610-59FC-49E9-A52C-6CD000878A11}.Release|Any CPU.ActiveCfg = Release|Any CPU
		{50C7E610-59FC-49E9-A52C-6CD000878A11}.Release|Any CPU.Build.0 = Release|Any CPU
		{10EFD1AD-E86A-4674-9EA1-F080290B6476}.Debug|Any CPU.ActiveCfg = Debug|Any CPU
		{10EFD1AD-E86A-4674-9EA1-F080290B6476}.Debug|Any CPU.Build.0 = Debug|Any CPU
		{10EFD1AD-E86A-4674-9EA1-F080290B6476}.Release|Any CPU.ActiveCfg = Release|Any CPU
		{10EFD1AD-E86A-4674-9EA1-F080290B6476}.Release|Any CPU.Build.0 = Release|Any CPU
		{D91D4303-466B-41B8-95E2-8E2E2ECED06B}.Debug|Any CPU.ActiveCfg = Debug|Any CPU
		{D91D4303-466B-41B8-95E2-8E2E2ECED06B}.Debug|Any CPU.Build.0 = Debug|Any CPU
		{D91D4303-466B-41B8-95E2-8E2E2ECED06B}.Release|Any CPU.ActiveCfg = Release|Any CPU
		{D91D4303-466B-41B8-95E2-8E2E2ECED06B}.Release|Any CPU.Build.0 = Release|Any CPU
		{43508613-1913-4FB0-B6DC-D53295DCB3F8}.Debug|Any CPU.ActiveCfg = Debug|Any CPU
		{43508613-1913-4FB0-B6DC-D53295DCB3F8}.Debug|Any CPU.Build.0 = Debug|Any CPU
		{43508613-1913-4FB0-B6DC-D53295DCB3F8}.Release|Any CPU.ActiveCfg = Release|Any CPU
		{43508613-1913-4FB0-B6DC-D53295DCB3F8}.Release|Any CPU.Build.0 = Release|Any CPU
		{B8886770-7730-4046-8010-C49BCC4B9C48}.Debug|Any CPU.ActiveCfg = Debug|Any CPU
		{B8886770-7730-4046-8010-C49BCC4B9C48}.Debug|Any CPU.Build.0 = Debug|Any CPU
		{B8886770-7730-4046-8010-C49BCC4B9C48}.Release|Any CPU.ActiveCfg = Release|Any CPU
		{B8886770-7730-4046-8010-C49BCC4B9C48}.Release|Any CPU.Build.0 = Release|Any CPU
		{9EAD79F6-C8D4-42F5-8308-ECC8A7CDBEA8}.Debug|Any CPU.ActiveCfg = Debug|Any CPU
		{9EAD79F6-C8D4-42F5-8308-ECC8A7CDBEA8}.Debug|Any CPU.Build.0 = Debug|Any CPU
		{9EAD79F6-C8D4-42F5-8308-ECC8A7CDBEA8}.Release|Any CPU.ActiveCfg = Release|Any CPU
		{9EAD79F6-C8D4-42F5-8308-ECC8A7CDBEA8}.Release|Any CPU.Build.0 = Release|Any CPU
		{6A8DA858-EDE7-44F6-8536-92024B385770}.Debug|Any CPU.ActiveCfg = Debug|Any CPU
		{6A8DA858-EDE7-44F6-8536-92024B385770}.Debug|Any CPU.Build.0 = Debug|Any CPU
		{6A8DA858-EDE7-44F6-8536-92024B385770}.Release|Any CPU.ActiveCfg = Release|Any CPU
		{6A8DA858-EDE7-44F6-8536-92024B385770}.Release|Any CPU.Build.0 = Release|Any CPU
		{5F9CC93B-5014-4D8F-968A-C7C9B52FEE4C}.Debug|Any CPU.ActiveCfg = Debug|Any CPU
		{5F9CC93B-5014-4D8F-968A-C7C9B52FEE4C}.Debug|Any CPU.Build.0 = Debug|Any CPU
		{5F9CC93B-5014-4D8F-968A-C7C9B52FEE4C}.Release|Any CPU.ActiveCfg = Release|Any CPU
		{5F9CC93B-5014-4D8F-968A-C7C9B52FEE4C}.Release|Any CPU.Build.0 = Release|Any CPU
		{745D1900-0156-4BEA-8657-FC8FC1A15045}.Debug|Any CPU.ActiveCfg = Debug|Any CPU
		{745D1900-0156-4BEA-8657-FC8FC1A15045}.Debug|Any CPU.Build.0 = Debug|Any CPU
		{745D1900-0156-4BEA-8657-FC8FC1A15045}.Release|Any CPU.ActiveCfg = Release|Any CPU
		{745D1900-0156-4BEA-8657-FC8FC1A15045}.Release|Any CPU.Build.0 = Release|Any CPU
		{44277220-F32C-4F9E-98AE-88CC054FF413}.Debug|Any CPU.ActiveCfg = Debug|Any CPU
		{44277220-F32C-4F9E-98AE-88CC054FF413}.Debug|Any CPU.Build.0 = Debug|Any CPU
		{44277220-F32C-4F9E-98AE-88CC054FF413}.Release|Any CPU.ActiveCfg = Release|Any CPU
		{44277220-F32C-4F9E-98AE-88CC054FF413}.Release|Any CPU.Build.0 = Release|Any CPU
		{5D452009-CE6E-4628-AD3A-821867F2BE57}.Debug|Any CPU.ActiveCfg = Debug|Any CPU
		{5D452009-CE6E-4628-AD3A-821867F2BE57}.Debug|Any CPU.Build.0 = Debug|Any CPU
		{5D452009-CE6E-4628-AD3A-821867F2BE57}.Release|Any CPU.ActiveCfg = Release|Any CPU
		{5D452009-CE6E-4628-AD3A-821867F2BE57}.Release|Any CPU.Build.0 = Release|Any CPU
		{3F4ABFBA-A889-4024-AC63-759EA085CAE9}.Debug|Any CPU.ActiveCfg = Debug|Any CPU
		{3F4ABFBA-A889-4024-AC63-759EA085CAE9}.Debug|Any CPU.Build.0 = Debug|Any CPU
		{3F4ABFBA-A889-4024-AC63-759EA085CAE9}.Release|Any CPU.ActiveCfg = Release|Any CPU
		{3F4ABFBA-A889-4024-AC63-759EA085CAE9}.Release|Any CPU.Build.0 = Release|Any CPU
		{306E0FC0-CEB7-4C89-9C3B-600C236AAC8C}.Debug|Any CPU.ActiveCfg = Debug|Any CPU
		{306E0FC0-CEB7-4C89-9C3B-600C236AAC8C}.Debug|Any CPU.Build.0 = Debug|Any CPU
		{306E0FC0-CEB7-4C89-9C3B-600C236AAC8C}.Release|Any CPU.ActiveCfg = Release|Any CPU
		{306E0FC0-CEB7-4C89-9C3B-600C236AAC8C}.Release|Any CPU.Build.0 = Release|Any CPU
		{F29CEAC7-6CC2-4F20-AFC6-A0CE663C6782}.Debug|Any CPU.ActiveCfg = Debug|Any CPU
		{F29CEAC7-6CC2-4F20-AFC6-A0CE663C6782}.Debug|Any CPU.Build.0 = Debug|Any CPU
		{F29CEAC7-6CC2-4F20-AFC6-A0CE663C6782}.Release|Any CPU.ActiveCfg = Release|Any CPU
		{F29CEAC7-6CC2-4F20-AFC6-A0CE663C6782}.Release|Any CPU.Build.0 = Release|Any CPU
		{FB6C655D-9854-46E5-A55C-4F93FD163687}.Debug|Any CPU.ActiveCfg = Debug|Any CPU
		{FB6C655D-9854-46E5-A55C-4F93FD163687}.Debug|Any CPU.Build.0 = Debug|Any CPU
		{FB6C655D-9854-46E5-A55C-4F93FD163687}.Release|Any CPU.ActiveCfg = Release|Any CPU
		{FB6C655D-9854-46E5-A55C-4F93FD163687}.Release|Any CPU.Build.0 = Release|Any CPU
		{D4A23F73-2BD4-47E7-9CF7-4F4335B61FA5}.Debug|Any CPU.ActiveCfg = Debug|Any CPU
		{D4A23F73-2BD4-47E7-9CF7-4F4335B61FA5}.Debug|Any CPU.Build.0 = Debug|Any CPU
		{D4A23F73-2BD4-47E7-9CF7-4F4335B61FA5}.Release|Any CPU.ActiveCfg = Release|Any CPU
		{D4A23F73-2BD4-47E7-9CF7-4F4335B61FA5}.Release|Any CPU.Build.0 = Release|Any CPU
		{89FC9EC7-7890-4B09-B526-53FC2B0798BB}.Debug|Any CPU.ActiveCfg = Debug|Any CPU
		{89FC9EC7-7890-4B09-B526-53FC2B0798BB}.Debug|Any CPU.Build.0 = Debug|Any CPU
		{89FC9EC7-7890-4B09-B526-53FC2B0798BB}.Release|Any CPU.ActiveCfg = Release|Any CPU
		{89FC9EC7-7890-4B09-B526-53FC2B0798BB}.Release|Any CPU.Build.0 = Release|Any CPU
		{4720B1EA-B903-485A-B8A8-501538703901}.Debug|Any CPU.ActiveCfg = Debug|Any CPU
		{4720B1EA-B903-485A-B8A8-501538703901}.Debug|Any CPU.Build.0 = Debug|Any CPU
		{4720B1EA-B903-485A-B8A8-501538703901}.Release|Any CPU.ActiveCfg = Release|Any CPU
		{4720B1EA-B903-485A-B8A8-501538703901}.Release|Any CPU.Build.0 = Release|Any CPU
		{DA7B23A3-59AA-4912-B262-C71E8A8F9BE0}.Debug|Any CPU.ActiveCfg = Debug|Any CPU
		{DA7B23A3-59AA-4912-B262-C71E8A8F9BE0}.Debug|Any CPU.Build.0 = Debug|Any CPU
		{DA7B23A3-59AA-4912-B262-C71E8A8F9BE0}.Release|Any CPU.ActiveCfg = Release|Any CPU
		{DA7B23A3-59AA-4912-B262-C71E8A8F9BE0}.Release|Any CPU.Build.0 = Release|Any CPU
		{2E2E5F05-E6DF-4B9B-AE27-A4CED6DD0730}.Debug|Any CPU.ActiveCfg = Debug|Any CPU
		{2E2E5F05-E6DF-4B9B-AE27-A4CED6DD0730}.Debug|Any CPU.Build.0 = Debug|Any CPU
		{2E2E5F05-E6DF-4B9B-AE27-A4CED6DD0730}.Release|Any CPU.ActiveCfg = Release|Any CPU
		{2E2E5F05-E6DF-4B9B-AE27-A4CED6DD0730}.Release|Any CPU.Build.0 = Release|Any CPU
		{753DC523-3031-4795-B6A0-E856DBA2190B}.Debug|Any CPU.ActiveCfg = Debug|Any CPU
		{753DC523-3031-4795-B6A0-E856DBA2190B}.Debug|Any CPU.Build.0 = Debug|Any CPU
		{753DC523-3031-4795-B6A0-E856DBA2190B}.Release|Any CPU.ActiveCfg = Release|Any CPU
		{753DC523-3031-4795-B6A0-E856DBA2190B}.Release|Any CPU.Build.0 = Release|Any CPU
		{810D2BFD-3887-4B9A-9E55-0FD7DE721C5B}.Debug|Any CPU.ActiveCfg = Debug|Any CPU
		{810D2BFD-3887-4B9A-9E55-0FD7DE721C5B}.Debug|Any CPU.Build.0 = Debug|Any CPU
		{810D2BFD-3887-4B9A-9E55-0FD7DE721C5B}.Release|Any CPU.ActiveCfg = Release|Any CPU
		{810D2BFD-3887-4B9A-9E55-0FD7DE721C5B}.Release|Any CPU.Build.0 = Release|Any CPU
	EndGlobalSection
	GlobalSection(SolutionConfigurationPlatforms) = preSolution
		Debug|Any CPU = Debug|Any CPU
		Release|Any CPU = Release|Any CPU
	EndGlobalSection
EndGlobal
