Microsoft Visual Studio Solution File, Format Version 12.00
# Visual Studio Version 16
VisualStudioVersion = 16.0.30524.135
MinimumVisualStudioVersion = 10.0.40219.1
Project("{2150E333-8FDC-42A3-9474-1A3956D46DE8}") = "source-library", "source-library", "{E8C047F2-C0BA-41A8-826F-D0386C3F0D0A}"
EndProject
Project("{FAE04EC0-301F-11D3-BF4B-00C04F79EFBC}") = "Samples.BusinesDomainLogic.POCOs", "Samples.BusinesDomainLogic.POCOs\Samples.BusinesDomainLogic.POCOs.csproj", "{F027FFA9-5E71-479B-AB0E-CEEDEDC8BBD5}"
EndProject
Project("{9A19103F-16F7-4668-BE54-9A1E7A4F7556}") = "HolisticWare.Core.Serialization", "..\source\HolisticWare.Core.Serialization\HolisticWare.Core.Serialization.csproj", "{60B6AC88-B6AC-4BA9-A92C-2A174107E57A}"
EndProject
Global
	GlobalSection(SolutionConfigurationPlatforms) = preSolution
		Debug|Any CPU = Debug|Any CPU
		Release|Any CPU = Release|Any CPU
	EndGlobalSection
	GlobalSection(ProjectConfigurationPlatforms) = postSolution
		{F027FFA9-5E71-479B-AB0E-CEEDEDC8BBD5}.Debug|Any CPU.ActiveCfg = Debug|Any CPU
		{F027FFA9-5E71-479B-AB0E-CEEDEDC8BBD5}.Debug|Any CPU.Build.0 = Debug|Any CPU
		{F027FFA9-5E71-479B-AB0E-CEEDEDC8BBD5}.Release|Any CPU.ActiveCfg = Release|Any CPU
		{F027FFA9-5E71-479B-AB0E-CEEDEDC8BBD5}.Release|Any CPU.Build.0 = Release|Any CPU
		{60B6AC88-B6AC-4BA9-A92C-2A174107E57A}.Debug|Any CPU.ActiveCfg = Debug|Any CPU
		{60B6AC88-B6AC-4BA9-A92C-2A174107E57A}.Debug|Any CPU.Build.0 = Debug|Any CPU
		{60B6AC88-B6AC-4BA9-A92C-2A174107E57A}.Release|Any CPU.ActiveCfg = Release|Any CPU
		{60B6AC88-B6AC-4BA9-A92C-2A174107E57A}.Release|Any CPU.Build.0 = Release|Any CPU
	EndGlobalSection
	GlobalSection(SolutionProperties) = preSolution
		HideSolutionNode = FALSE
	EndGlobalSection
	GlobalSection(NestedProjects) = preSolution
		{60B6AC88-B6AC-4BA9-A92C-2A174107E57A} = {E8C047F2-C0BA-41A8-826F-D0386C3F0D0A}
	EndGlobalSection
	GlobalSection(ExtensibilityGlobals) = postSolution
		SolutionGuid = {110BC8EF-DB8B-4752-949E-1F6DFFA3521E}
	EndGlobalSection
EndGlobal
