Microsoft Visual Studio Solution File, Format Version 12.00
# Visual Studio Version 16
VisualStudioVersion = 16.0.30524.135
MinimumVisualStudioVersion = 10.0.40219.1
Project("{2150E333-8FDC-42A3-9474-1A3956D46DE8}") = "Binary", "Binary", "{A61771FA-991C-4F0E-873D-C2A2E30F84C3}"
EndProject
Project("{2150E333-8FDC-42A3-9474-1A3956D46DE8}") = "Text", "Text", "{43626E92-FBAF-4D1A-8C59-22B86729DF65}"
EndProject
Project("{2150E333-8FDC-42A3-9474-1A3956D46DE8}") = "XML", "XML", "{2021EFB5-3CA3-44CF-8684-801CFE9BBA8A}"
EndProject
Project("{2150E333-8FDC-42A3-9474-1A3956D46DE8}") = "JSON", "JSON", "{18D7DC5F-9D0A-485E-B6FA-5D93D4B96C92}"
EndProject
Project("{FAE04EC0-301F-11D3-BF4B-00C04F79EFBC}") = "HolisticWare.Core.Serialization.Text.XML", "Core.Serialization\Text\XML\HolisticWare.Core.Serialization.Text.XML\HolisticWare.Core.Serialization.Text.XML.csproj", "{EE696665-10BD-4868-A077-64F7258C0506}"
EndProject
Project("{FAE04EC0-301F-11D3-BF4B-00C04F79EFBC}") = "HolisticWare.Core.Serialization.SchemaDeducerInferer", "Core.Serialization\HolisticWare.Core.Serialization.SchemaDeducerInferer\HolisticWare.Core.Serialization.SchemaDeducerInferer.csproj", "{72837534-6837-44BB-B696-7A40242BD505}"
EndProject
Project("{FAE04EC0-301F-11D3-BF4B-00C04F79EFBC}") = "HolisticWare.Core.Serialization", "Core.Serialization\HolisticWare.Core.Serialization\HolisticWare.Core.Serialization.csproj", "{87E99927-57E5-43C9-AEE1-BC5E5BA67A53}"
EndProject
Project("{FAE04EC0-301F-11D3-BF4B-00C04F79EFBC}") = "HolisticWare.Core.Serialization.Text.XML.NetBike.Xml", "Core.Serialization\Text\XML\HolisticWare.Core.Serialization.Text.XML.NetBike.Xml\HolisticWare.Core.Serialization.Text.XML.NetBike.Xml.csproj", "{679C6FA3-DD4D-4F6C-8C33-55E5EDC64524}"
EndProject
Project("{FAE04EC0-301F-11D3-BF4B-00C04F79EFBC}") = "HolisticWare.Core.Serialization.Text.XML.HolisticWare.NetBike.Xml", "Core.Serialization\Text\XML\HolisticWare.Core.Serialization.Text.XML.HolisticWare.NetBike.Xml\HolisticWare.Core.Serialization.Text.XML.HolisticWare.NetBike.Xml.csproj", "{B1520A39-4762-4E4C-828C-3CBE4E4551F7}"
EndProject
Project("{FAE04EC0-301F-11D3-BF4B-00C04F79EFBC}") = "HolisticWare.Core.Serialization.Text.XML.HolisticWare.ExtendedXmlSerializer", "Core.Serialization\Text\XML\HolisticWare.Core.Serialization.Text.XML.HolisticWare.ExtendedXmlSerializer\HolisticWare.Core.Serialization.Text.XML.HolisticWare.ExtendedXmlSerializer.csproj", "{55D56B6D-9AC7-439E-8AEB-AC04FF7E53E6}"
EndProject
Project("{FAE04EC0-301F-11D3-BF4B-00C04F79EFBC}") = "HolisticWare.Core.Serialization.Text.XML.ExtendedXmlSerializer", "Core.Serialization\Text\XML\HolisticWare.Core.Serialization.Text.XML.ExtendedXmlSerializer\HolisticWare.Core.Serialization.Text.XML.ExtendedXmlSerializer.csproj", "{C475BBB2-817B-4A01-A7AF-20BEC1EE0CF9}"
EndProject
Project("{FAE04EC0-301F-11D3-BF4B-00C04F79EFBC}") = "HolisticWare.Core.Serialization.Text.XML.YAXLib", "Core.Serialization\Text\XML\HolisticWare.Core.Serialization.Text.XML.YAXLib\HolisticWare.Core.Serialization.Text.XML.YAXLib.csproj", "{284DDB89-7D5F-4E85-973B-FE28E39F3FE6}"
EndProject
Project("{FAE04EC0-301F-11D3-BF4B-00C04F79EFBC}") = "HolisticWare.Core.Serialization.Text.XML.HolisticWare.YAXLib", "Core.Serialization\Text\XML\HolisticWare.Core.Serialization.Text.XML.HolisticWare.YAXLib\HolisticWare.Core.Serialization.Text.XML.HolisticWare.YAXLib.csproj", "{66B56D55-29EF-41F3-875F-C3ED72D18C8F}"
EndProject
Project("{FAE04EC0-301F-11D3-BF4B-00C04F79EFBC}") = "HolisticWare.Core.Serialization.Text.XML.StackXML", "Core.Serialization\Text\XML\HolisticWare.Core.Serialization.Text.XML.StackXML\HolisticWare.Core.Serialization.Text.XML.StackXML.csproj", "{16073146-241D-48ED-88A5-CBE718C4471C}"
EndProject
Project("{FAE04EC0-301F-11D3-BF4B-00C04F79EFBC}") = "HolisticWare.Core.Serialization.Text.XML.System.Xml.Serialization", "Core.Serialization\Text\XML\HolisticWare.Core.Serialization.Text.XML.System.Xml.Serialization\HolisticWare.Core.Serialization.Text.XML.System.Xml.Serialization.csproj", "{4DB99702-2E83-43D8-A2B6-0347B1393E33}"
EndProject
Project("{FAE04EC0-301F-11D3-BF4B-00C04F79EFBC}") = "HolisticWare.Core.Serialization.Text.XML.System.Runtime.Serialization", "Core.Serialization\Text\XML\HolisticWare.Core.Serialization.Text.XML.System.Runtime.Serialization\HolisticWare.Core.Serialization.Text.XML.System.Runtime.Serialization.csproj", "{B0855EC7-6113-40F1-93D0-B256EFF12F62}"
EndProject
Global
	GlobalSection(NestedProjects) = preSolution
		{2021EFB5-3CA3-44CF-8684-801CFE9BBA8A} = {43626E92-FBAF-4D1A-8C59-22B86729DF65}
		{18D7DC5F-9D0A-485E-B6FA-5D93D4B96C92} = {43626E92-FBAF-4D1A-8C59-22B86729DF65}
		{EE696665-10BD-4868-A077-64F7258C0506} = {2021EFB5-3CA3-44CF-8684-801CFE9BBA8A}
		{679C6FA3-DD4D-4F6C-8C33-55E5EDC64524} = {2021EFB5-3CA3-44CF-8684-801CFE9BBA8A}
		{B1520A39-4762-4E4C-828C-3CBE4E4551F7} = {2021EFB5-3CA3-44CF-8684-801CFE9BBA8A}
		{55D56B6D-9AC7-439E-8AEB-AC04FF7E53E6} = {2021EFB5-3CA3-44CF-8684-801CFE9BBA8A}
		{C475BBB2-817B-4A01-A7AF-20BEC1EE0CF9} = {2021EFB5-3CA3-44CF-8684-801CFE9BBA8A}
		{284DDB89-7D5F-4E85-973B-FE28E39F3FE6} = {2021EFB5-3CA3-44CF-8684-801CFE9BBA8A}
		{66B56D55-29EF-41F3-875F-C3ED72D18C8F} = {2021EFB5-3CA3-44CF-8684-801CFE9BBA8A}
		{16073146-241D-48ED-88A5-CBE718C4471C} = {2021EFB5-3CA3-44CF-8684-801CFE9BBA8A}
		{4DB99702-2E83-43D8-A2B6-0347B1393E33} = {2021EFB5-3CA3-44CF-8684-801CFE9BBA8A}
		{B0855EC7-6113-40F1-93D0-B256EFF12F62} = {2021EFB5-3CA3-44CF-8684-801CFE9BBA8A}
	EndGlobalSection
	GlobalSection(ProjectConfigurationPlatforms) = postSolution
		{87E99927-57E5-43C9-AEE1-BC5E5BA67A53}.Debug|Any CPU.ActiveCfg = Debug|Any CPU
		{87E99927-57E5-43C9-AEE1-BC5E5BA67A53}.Debug|Any CPU.Build.0 = Debug|Any CPU
		{87E99927-57E5-43C9-AEE1-BC5E5BA67A53}.Release|Any CPU.ActiveCfg = Release|Any CPU
		{87E99927-57E5-43C9-AEE1-BC5E5BA67A53}.Release|Any CPU.Build.0 = Release|Any CPU
		{72837534-6837-44BB-B696-7A40242BD505}.Debug|Any CPU.ActiveCfg = Debug|Any CPU
		{72837534-6837-44BB-B696-7A40242BD505}.Debug|Any CPU.Build.0 = Debug|Any CPU
		{72837534-6837-44BB-B696-7A40242BD505}.Release|Any CPU.ActiveCfg = Release|Any CPU
		{72837534-6837-44BB-B696-7A40242BD505}.Release|Any CPU.Build.0 = Release|Any CPU
		{EE696665-10BD-4868-A077-64F7258C0506}.Debug|Any CPU.ActiveCfg = Debug|Any CPU
		{EE696665-10BD-4868-A077-64F7258C0506}.Debug|Any CPU.Build.0 = Debug|Any CPU
		{EE696665-10BD-4868-A077-64F7258C0506}.Release|Any CPU.ActiveCfg = Release|Any CPU
		{EE696665-10BD-4868-A077-64F7258C0506}.Release|Any CPU.Build.0 = Release|Any CPU
		{C475BBB2-817B-4A01-A7AF-20BEC1EE0CF9}.Debug|Any CPU.ActiveCfg = Debug|Any CPU
		{C475BBB2-817B-4A01-A7AF-20BEC1EE0CF9}.Debug|Any CPU.Build.0 = Debug|Any CPU
		{C475BBB2-817B-4A01-A7AF-20BEC1EE0CF9}.Release|Any CPU.ActiveCfg = Release|Any CPU
		{C475BBB2-817B-4A01-A7AF-20BEC1EE0CF9}.Release|Any CPU.Build.0 = Release|Any CPU
		{55D56B6D-9AC7-439E-8AEB-AC04FF7E53E6}.Debug|Any CPU.ActiveCfg = Debug|Any CPU
		{55D56B6D-9AC7-439E-8AEB-AC04FF7E53E6}.Debug|Any CPU.Build.0 = Debug|Any CPU
		{55D56B6D-9AC7-439E-8AEB-AC04FF7E53E6}.Release|Any CPU.ActiveCfg = Release|Any CPU
		{55D56B6D-9AC7-439E-8AEB-AC04FF7E53E6}.Release|Any CPU.Build.0 = Release|Any CPU
		{B1520A39-4762-4E4C-828C-3CBE4E4551F7}.Debug|Any CPU.ActiveCfg = Debug|Any CPU
		{B1520A39-4762-4E4C-828C-3CBE4E4551F7}.Debug|Any CPU.Build.0 = Debug|Any CPU
		{B1520A39-4762-4E4C-828C-3CBE4E4551F7}.Release|Any CPU.ActiveCfg = Release|Any CPU
		{B1520A39-4762-4E4C-828C-3CBE4E4551F7}.Release|Any CPU.Build.0 = Release|Any CPU
		{66B56D55-29EF-41F3-875F-C3ED72D18C8F}.Debug|Any CPU.ActiveCfg = Debug|Any CPU
		{66B56D55-29EF-41F3-875F-C3ED72D18C8F}.Debug|Any CPU.Build.0 = Debug|Any CPU
		{66B56D55-29EF-41F3-875F-C3ED72D18C8F}.Release|Any CPU.ActiveCfg = Release|Any CPU
		{66B56D55-29EF-41F3-875F-C3ED72D18C8F}.Release|Any CPU.Build.0 = Release|Any CPU
		{679C6FA3-DD4D-4F6C-8C33-55E5EDC64524}.Debug|Any CPU.ActiveCfg = Debug|Any CPU
		{679C6FA3-DD4D-4F6C-8C33-55E5EDC64524}.Debug|Any CPU.Build.0 = Debug|Any CPU
		{679C6FA3-DD4D-4F6C-8C33-55E5EDC64524}.Release|Any CPU.ActiveCfg = Release|Any CPU
		{679C6FA3-DD4D-4F6C-8C33-55E5EDC64524}.Release|Any CPU.Build.0 = Release|Any CPU
		{16073146-241D-48ED-88A5-CBE718C4471C}.Debug|Any CPU.ActiveCfg = Debug|Any CPU
		{16073146-241D-48ED-88A5-CBE718C4471C}.Debug|Any CPU.Build.0 = Debug|Any CPU
		{16073146-241D-48ED-88A5-CBE718C4471C}.Release|Any CPU.ActiveCfg = Release|Any CPU
		{16073146-241D-48ED-88A5-CBE718C4471C}.Release|Any CPU.Build.0 = Release|Any CPU
		{B0855EC7-6113-40F1-93D0-B256EFF12F62}.Debug|Any CPU.ActiveCfg = Debug|Any CPU
		{B0855EC7-6113-40F1-93D0-B256EFF12F62}.Debug|Any CPU.Build.0 = Debug|Any CPU
		{B0855EC7-6113-40F1-93D0-B256EFF12F62}.Release|Any CPU.ActiveCfg = Release|Any CPU
		{B0855EC7-6113-40F1-93D0-B256EFF12F62}.Release|Any CPU.Build.0 = Release|Any CPU
		{4DB99702-2E83-43D8-A2B6-0347B1393E33}.Debug|Any CPU.ActiveCfg = Debug|Any CPU
		{4DB99702-2E83-43D8-A2B6-0347B1393E33}.Debug|Any CPU.Build.0 = Debug|Any CPU
		{4DB99702-2E83-43D8-A2B6-0347B1393E33}.Release|Any CPU.ActiveCfg = Release|Any CPU
		{4DB99702-2E83-43D8-A2B6-0347B1393E33}.Release|Any CPU.Build.0 = Release|Any CPU
		{284DDB89-7D5F-4E85-973B-FE28E39F3FE6}.Debug|Any CPU.ActiveCfg = Debug|Any CPU
		{284DDB89-7D5F-4E85-973B-FE28E39F3FE6}.Debug|Any CPU.Build.0 = Debug|Any CPU
		{284DDB89-7D5F-4E85-973B-FE28E39F3FE6}.Release|Any CPU.ActiveCfg = Release|Any CPU
		{284DDB89-7D5F-4E85-973B-FE28E39F3FE6}.Release|Any CPU.Build.0 = Release|Any CPU
	EndGlobalSection
	GlobalSection(SolutionConfigurationPlatforms) = preSolution
		Debug|Any CPU = Debug|Any CPU
		Release|Any CPU = Release|Any CPU
	EndGlobalSection
EndGlobal
